
Microsoft Visual Studio Solution File, Format Version 12.00
# Visual Studio Version 17
VisualStudioVersion = 17.2.32630.192
MinimumVisualStudioVersion = 10.0.40219.1
Project("{FAE04EC0-301F-11D3-BF4B-00C04F79EFBC}") = "Struct", "Struct.csproj", "{E2D48C0A-ED0E-4076-A92A-D10F0A9E0924}"
EndProject
Global
	GlobalSection(SolutionConfigurationPlatforms) = preSolution
		Debug|Any CPU = Debug|Any CPU
		Release|Any CPU = Release|Any CPU
	EndGlobalSection
	GlobalSection(ProjectConfigurationPlatforms) = postSolution
		{E2D48C0A-ED0E-4076-A92A-D10F0A9E0924}.Debug|Any CPU.ActiveCfg = Debug|Any CPU
		{E2D48C0A-ED0E-4076-A92A-D10F0A9E0924}.Debug|Any CPU.Build.0 = Debug|Any CPU
		{E2D48C0A-ED0E-4076-A92A-D10F0A9E0924}.Release|Any CPU.ActiveCfg = Release|Any CPU
		{E2D48C0A-ED0E-4076-A92A-D10F0A9E0924}.Release|Any CPU.Build.0 = Release|Any CPU
	EndGlobalSection
	GlobalSection(SolutionProperties) = preSolution
		HideSolutionNode = FALSE
	EndGlobalSection
	GlobalSection(ExtensibilityGlobals) = postSolution
		SolutionGuid = {65AA49B3-9E6D-4694-94CF-193EE91061EC}
	EndGlobalSection
EndGlobal
