
Microsoft Visual Studio Solution File, Format Version 12.00
# Visual Studio Version 17
VisualStudioVersion = 17.2.32630.192
MinimumVisualStudioVersion = 10.0.40219.1
Project("{FAE04EC0-301F-11D3-BF4B-00C04F79EFBC}") = "EntityFrameworkCoreBPB", "EntityFrameworkCoreBPB.csproj", "{011F75C4-0521-46D7-AE9E-A507B545E2C8}"
EndProject
Global
	GlobalSection(SolutionConfigurationPlatforms) = preSolution
		Debug|Any CPU = Debug|Any CPU
		Release|Any CPU = Release|Any CPU
	EndGlobalSection
	GlobalSection(ProjectConfigurationPlatforms) = postSolution
		{011F75C4-0521-46D7-AE9E-A507B545E2C8}.Debug|Any CPU.ActiveCfg = Debug|Any CPU
		{011F75C4-0521-46D7-AE9E-A507B545E2C8}.Debug|Any CPU.Build.0 = Debug|Any CPU
		{011F75C4-0521-46D7-AE9E-A507B545E2C8}.Release|Any CPU.ActiveCfg = Release|Any CPU
		{011F75C4-0521-46D7-AE9E-A507B545E2C8}.Release|Any CPU.Build.0 = Release|Any CPU
	EndGlobalSection
	GlobalSection(SolutionProperties) = preSolution
		HideSolutionNode = FALSE
	EndGlobalSection
	GlobalSection(ExtensibilityGlobals) = postSolution
		SolutionGuid = {677F597C-9E14-4939-8E3E-E862992340C8}
	EndGlobalSection
EndGlobal
