
Microsoft Visual Studio Solution File, Format Version 12.00
# Visual Studio Version 17
VisualStudioVersion = 17.4.33103.184
MinimumVisualStudioVersion = 10.0.40219.1
Project("{FAE04EC0-301F-11D3-BF4B-00C04F79EFBC}") = "WebApplication1", "WebApplication1.csproj", "{8C0F7EF4-EAAD-4BBE-ACC5-6E59EB8438AB}"
EndProject
Global
	GlobalSection(SolutionConfigurationPlatforms) = preSolution
		Debug|Any CPU = Debug|Any CPU
		Release|Any CPU = Release|Any CPU
	EndGlobalSection
	GlobalSection(ProjectConfigurationPlatforms) = postSolution
		{8C0F7EF4-EAAD-4BBE-ACC5-6E59EB8438AB}.Debug|Any CPU.ActiveCfg = Debug|Any CPU
		{8C0F7EF4-EAAD-4BBE-ACC5-6E59EB8438AB}.Debug|Any CPU.Build.0 = Debug|Any CPU
		{8C0F7EF4-EAAD-4BBE-ACC5-6E59EB8438AB}.Release|Any CPU.ActiveCfg = Release|Any CPU
		{8C0F7EF4-EAAD-4BBE-ACC5-6E59EB8438AB}.Release|Any CPU.Build.0 = Release|Any CPU
	EndGlobalSection
	GlobalSection(SolutionProperties) = preSolution
		HideSolutionNode = FALSE
	EndGlobalSection
	GlobalSection(ExtensibilityGlobals) = postSolution
		SolutionGuid = {90CC6B10-217E-44E9-B0BA-8A092346F76D}
	EndGlobalSection
EndGlobal
