
Microsoft Visual Studio Solution File, Format Version 12.00
# Visual Studio Version 17
VisualStudioVersion = 17.2.32630.192
MinimumVisualStudioVersion = 10.0.40219.1
Project("{FAE04EC0-301F-11D3-BF4B-00C04F79EFBC}") = "DependencyInjection", "DependencyInjection.csproj", "{51FDC0EA-9D56-4422-BC7C-9EBDD82C44C1}"
EndProject
Global
	GlobalSection(SolutionConfigurationPlatforms) = preSolution
		Debug|Any CPU = Debug|Any CPU
		Release|Any CPU = Release|Any CPU
	EndGlobalSection
	GlobalSection(ProjectConfigurationPlatforms) = postSolution
		{51FDC0EA-9D56-4422-BC7C-9EBDD82C44C1}.Debug|Any CPU.ActiveCfg = Debug|Any CPU
		{51FDC0EA-9D56-4422-BC7C-9EBDD82C44C1}.Debug|Any CPU.Build.0 = Debug|Any CPU
		{51FDC0EA-9D56-4422-BC7C-9EBDD82C44C1}.Release|Any CPU.ActiveCfg = Release|Any CPU
		{51FDC0EA-9D56-4422-BC7C-9EBDD82C44C1}.Release|Any CPU.Build.0 = Release|Any CPU
	EndGlobalSection
	GlobalSection(SolutionProperties) = preSolution
		HideSolutionNode = FALSE
	EndGlobalSection
	GlobalSection(ExtensibilityGlobals) = postSolution
		SolutionGuid = {A6E9C737-8BA9-4BB7-857A-E0F655E4B181}
	EndGlobalSection
EndGlobal
