
Microsoft Visual Studio Solution File, Format Version 12.00
# Visual Studio Version 17
VisualStudioVersion = 17.4.33103.184
MinimumVisualStudioVersion = 10.0.40219.1
Project("{FAE04EC0-301F-11D3-BF4B-00C04F79EFBC}") = "FunctionApp1", "FunctionApp1.csproj", "{9C1A8778-FFC1-49A2-B398-B7198EA43B46}"
EndProject
Global
	GlobalSection(SolutionConfigurationPlatforms) = preSolution
		Debug|Any CPU = Debug|Any CPU
		Release|Any CPU = Release|Any CPU
	EndGlobalSection
	GlobalSection(ProjectConfigurationPlatforms) = postSolution
		{9C1A8778-FFC1-49A2-B398-B7198EA43B46}.Debug|Any CPU.ActiveCfg = Debug|Any CPU
		{9C1A8778-FFC1-49A2-B398-B7198EA43B46}.Debug|Any CPU.Build.0 = Debug|Any CPU
		{9C1A8778-FFC1-49A2-B398-B7198EA43B46}.Release|Any CPU.ActiveCfg = Release|Any CPU
		{9C1A8778-FFC1-49A2-B398-B7198EA43B46}.Release|Any CPU.Build.0 = Release|Any CPU
	EndGlobalSection
	GlobalSection(SolutionProperties) = preSolution
		HideSolutionNode = FALSE
	EndGlobalSection
	GlobalSection(ExtensibilityGlobals) = postSolution
		SolutionGuid = {D1BA71E2-1FC5-4766-87CC-1F1A7CD90F8D}
	EndGlobalSection
EndGlobal
