
Microsoft Visual Studio Solution File, Format Version 12.00
# Visual Studio Version 17
VisualStudioVersion = 17.4.33103.184
MinimumVisualStudioVersion = 10.0.40219.1
Project("{FAE04EC0-301F-11D3-BF4B-00C04F79EFBC}") = "WinFormsApp", "WinFormsApp.csproj", "{C55AA252-623C-4044-BE6E-3F136D5DEF13}"
EndProject
Global
	GlobalSection(SolutionConfigurationPlatforms) = preSolution
		Debug|Any CPU = Debug|Any CPU
		Release|Any CPU = Release|Any CPU
	EndGlobalSection
	GlobalSection(ProjectConfigurationPlatforms) = postSolution
		{C55AA252-623C-4044-BE6E-3F136D5DEF13}.Debug|Any CPU.ActiveCfg = Debug|Any CPU
		{C55AA252-623C-4044-BE6E-3F136D5DEF13}.Debug|Any CPU.Build.0 = Debug|Any CPU
		{C55AA252-623C-4044-BE6E-3F136D5DEF13}.Release|Any CPU.ActiveCfg = Release|Any CPU
		{C55AA252-623C-4044-BE6E-3F136D5DEF13}.Release|Any CPU.Build.0 = Release|Any CPU
	EndGlobalSection
	GlobalSection(SolutionProperties) = preSolution
		HideSolutionNode = FALSE
	EndGlobalSection
	GlobalSection(ExtensibilityGlobals) = postSolution
		SolutionGuid = {F5E20ADD-347F-46BA-BC59-C32DBD55E550}
	EndGlobalSection
EndGlobal
