
Microsoft Visual Studio Solution File, Format Version 12.00
# Visual Studio Version 17
VisualStudioVersion = 17.2.32630.192
MinimumVisualStudioVersion = 10.0.40219.1
Project("{FAE04EC0-301F-11D3-BF4B-00C04F79EFBC}") = "Interfaces", "Interfaces.csproj", "{04A4A7C7-83B4-4EFD-A3AE-BFDE6A4DCF6D}"
EndProject
Global
	GlobalSection(SolutionConfigurationPlatforms) = preSolution
		Debug|Any CPU = Debug|Any CPU
		Release|Any CPU = Release|Any CPU
	EndGlobalSection
	GlobalSection(ProjectConfigurationPlatforms) = postSolution
		{04A4A7C7-83B4-4EFD-A3AE-BFDE6A4DCF6D}.Debug|Any CPU.ActiveCfg = Debug|Any CPU
		{04A4A7C7-83B4-4EFD-A3AE-BFDE6A4DCF6D}.Debug|Any CPU.Build.0 = Debug|Any CPU
		{04A4A7C7-83B4-4EFD-A3AE-BFDE6A4DCF6D}.Release|Any CPU.ActiveCfg = Release|Any CPU
		{04A4A7C7-83B4-4EFD-A3AE-BFDE6A4DCF6D}.Release|Any CPU.Build.0 = Release|Any CPU
	EndGlobalSection
	GlobalSection(SolutionProperties) = preSolution
		HideSolutionNode = FALSE
	EndGlobalSection
	GlobalSection(ExtensibilityGlobals) = postSolution
		SolutionGuid = {4EF2F51E-2D9D-4C9F-8625-9DCA1231FB96}
	EndGlobalSection
EndGlobal
