
Microsoft Visual Studio Solution File, Format Version 12.00
# Visual Studio Version 17
VisualStudioVersion = 17.2.32630.192
MinimumVisualStudioVersion = 10.0.40219.1
Project("{FAE04EC0-301F-11D3-BF4B-00C04F79EFBC}") = "BookingService.Server", "Server\BookingService.Server.csproj", "{FD9B48CA-6613-4FB4-96CD-1DC6D4C2A942}"
EndProject
Project("{FAE04EC0-301F-11D3-BF4B-00C04F79EFBC}") = "BookingService.Client", "Client\BookingService.Client.csproj", "{3A111148-759D-4A03-8610-027C9BCE0243}"
EndProject
Project("{FAE04EC0-301F-11D3-BF4B-00C04F79EFBC}") = "BookingService.Shared", "Shared\BookingService.Shared.csproj", "{98AD6363-0965-47D7-92DE-C02CCC57C837}"
EndProject
Global
	GlobalSection(SolutionConfigurationPlatforms) = preSolution
		Debug|Any CPU = Debug|Any CPU
		Release|Any CPU = Release|Any CPU
	EndGlobalSection
	GlobalSection(ProjectConfigurationPlatforms) = postSolution
		{FD9B48CA-6613-4FB4-96CD-1DC6D4C2A942}.Debug|Any CPU.ActiveCfg = Debug|Any CPU
		{FD9B48CA-6613-4FB4-96CD-1DC6D4C2A942}.Debug|Any CPU.Build.0 = Debug|Any CPU
		{FD9B48CA-6613-4FB4-96CD-1DC6D4C2A942}.Release|Any CPU.ActiveCfg = Release|Any CPU
		{FD9B48CA-6613-4FB4-96CD-1DC6D4C2A942}.Release|Any CPU.Build.0 = Release|Any CPU
		{3A111148-759D-4A03-8610-027C9BCE0243}.Debug|Any CPU.ActiveCfg = Debug|Any CPU
		{3A111148-759D-4A03-8610-027C9BCE0243}.Debug|Any CPU.Build.0 = Debug|Any CPU
		{3A111148-759D-4A03-8610-027C9BCE0243}.Release|Any CPU.ActiveCfg = Release|Any CPU
		{3A111148-759D-4A03-8610-027C9BCE0243}.Release|Any CPU.Build.0 = Release|Any CPU
		{98AD6363-0965-47D7-92DE-C02CCC57C837}.Debug|Any CPU.ActiveCfg = Debug|Any CPU
		{98AD6363-0965-47D7-92DE-C02CCC57C837}.Debug|Any CPU.Build.0 = Debug|Any CPU
		{98AD6363-0965-47D7-92DE-C02CCC57C837}.Release|Any CPU.ActiveCfg = Release|Any CPU
		{98AD6363-0965-47D7-92DE-C02CCC57C837}.Release|Any CPU.Build.0 = Release|Any CPU
	EndGlobalSection
	GlobalSection(SolutionProperties) = preSolution
		HideSolutionNode = FALSE
	EndGlobalSection
	GlobalSection(ExtensibilityGlobals) = postSolution
		SolutionGuid = {9CA665C3-5B75-480E-A07D-5838A3446DE7}
	EndGlobalSection
EndGlobal
