
Microsoft Visual Studio Solution File, Format Version 12.00
# Visual Studio Version 17
VisualStudioVersion = 17.2.32630.192
MinimumVisualStudioVersion = 10.0.40219.1
Project("{FAE04EC0-301F-11D3-BF4B-00C04F79EFBC}") = "Interfaces", "Interfaces.csproj", "{09558106-0773-4872-9A18-1AACB319317A}"
EndProject
Global
	GlobalSection(SolutionConfigurationPlatforms) = preSolution
		Debug|Any CPU = Debug|Any CPU
		Release|Any CPU = Release|Any CPU
	EndGlobalSection
	GlobalSection(ProjectConfigurationPlatforms) = postSolution
		{09558106-0773-4872-9A18-1AACB319317A}.Debug|Any CPU.ActiveCfg = Debug|Any CPU
		{09558106-0773-4872-9A18-1AACB319317A}.Debug|Any CPU.Build.0 = Debug|Any CPU
		{09558106-0773-4872-9A18-1AACB319317A}.Release|Any CPU.ActiveCfg = Release|Any CPU
		{09558106-0773-4872-9A18-1AACB319317A}.Release|Any CPU.Build.0 = Release|Any CPU
	EndGlobalSection
	GlobalSection(SolutionProperties) = preSolution
		HideSolutionNode = FALSE
	EndGlobalSection
	GlobalSection(ExtensibilityGlobals) = postSolution
		SolutionGuid = {1076771E-E6D2-48F1-904E-B909E469D419}
	EndGlobalSection
EndGlobal
