
Microsoft Visual Studio Solution File, Format Version 12.00
# Visual Studio Version 17
VisualStudioVersion = 17.2.32630.192
MinimumVisualStudioVersion = 10.0.40219.1
Project("{FAE04EC0-301F-11D3-BF4B-00C04F79EFBC}") = "WebAPI", "WebAPI.csproj", "{A0D6CA13-60C0-4F9B-B46A-7E7B7C3FDB36}"
EndProject
Global
	GlobalSection(SolutionConfigurationPlatforms) = preSolution
		Debug|Any CPU = Debug|Any CPU
		Release|Any CPU = Release|Any CPU
	EndGlobalSection
	GlobalSection(ProjectConfigurationPlatforms) = postSolution
		{A0D6CA13-60C0-4F9B-B46A-7E7B7C3FDB36}.Debug|Any CPU.ActiveCfg = Debug|Any CPU
		{A0D6CA13-60C0-4F9B-B46A-7E7B7C3FDB36}.Debug|Any CPU.Build.0 = Debug|Any CPU
		{A0D6CA13-60C0-4F9B-B46A-7E7B7C3FDB36}.Release|Any CPU.ActiveCfg = Release|Any CPU
		{A0D6CA13-60C0-4F9B-B46A-7E7B7C3FDB36}.Release|Any CPU.Build.0 = Release|Any CPU
	EndGlobalSection
	GlobalSection(SolutionProperties) = preSolution
		HideSolutionNode = FALSE
	EndGlobalSection
	GlobalSection(ExtensibilityGlobals) = postSolution
		SolutionGuid = {C47F2C2C-6981-4017-B648-89E3C5BD5670}
	EndGlobalSection
EndGlobal
